{
    "_readme": [
        "This file locks the dependencies of your project to a known state",
        "Read more about it at https://getcomposer.org/doc/01-basic-usage.md#installing-dependencies",
        "This file is @generated automatically"
    ],
    "content-hash": "b0e2a0e4cc0a52926fc13f713bbe5857",
    "packages": [
        {
            "name": "phpbenchmarks/benchmark-json-serialization-small-overload",
            "version": "1.0.0",
            "source": {
                "type": "git",
                "url": "https://github.com/phpbenchmarks/benchmark-json-serialization-small-overload.git",
                "reference": "d6ff6d49871391f47e81db8b3dbc30aa147af2de"
            },
            "dist": {
                "type": "zip",
                "url": "https://api.github.com/repos/phpbenchmarks/benchmark-json-serialization-small-overload/zipball/d6ff6d49871391f47e81db8b3dbc30aa147af2de",
                "reference": "d6ff6d49871391f47e81db8b3dbc30aa147af2de",
                "shasum": ""
            },
            "require": {
                "php": ">=5.4.0"
            },
            "type": "project",
            "autoload": {
                "psr-4": {
                    "PhpBenchmarks\\BenchmarkJsonSerializationSmallOverload\\": "src/"
                }
            },
            "notification-url": "https://packagist.org/downloads/",
            "license": [
                "proprietary"
            ],
            "description": "Data for serialization to a small JSON benchmark on phpbenchmarks.com.",
            "time": "2019-05-12T11:41:00+00:00"
        },
        {
            "name": "symfony/polyfill-ctype",
            "version": "v1.14.0",
            "source": {
                "type": "git",
                "url": "https://github.com/symfony/polyfill-ctype.git",
                "reference": "fbdeaec0df06cf3d51c93de80c7eb76e271f5a38"
            },
            "dist": {
                "type": "zip",
                "url": "https://api.github.com/repos/symfony/polyfill-ctype/zipball/fbdeaec0df06cf3d51c93de80c7eb76e271f5a38",
                "reference": "fbdeaec0df06cf3d51c93de80c7eb76e271f5a38",
                "shasum": ""
            },
            "require": {
                "php": ">=5.3.3"
            },
            "suggest": {
                "ext-ctype": "For best performance"
            },
            "type": "library",
            "extra": {
                "branch-alias": {
                    "dev-master": "1.14-dev"
                }
            },
            "autoload": {
                "psr-4": {
                    "Symfony\\Polyfill\\Ctype\\": ""
                },
                "files": [
                    "bootstrap.php"
                ]
            },
            "notification-url": "https://packagist.org/downloads/",
            "license": [
                "MIT"
            ],
            "authors": [
                {
                    "name": "Gert de Pagter",
                    "email": "BackEndTea@gmail.com"
                },
                {
                    "name": "Symfony Community",
                    "homepage": "https://symfony.com/contributors"
                }
            ],
            "description": "Symfony polyfill for ctype functions",
            "homepage": "https://symfony.com",
            "keywords": [
                "compatibility",
                "ctype",
                "polyfill",
                "portable"
            ],
            "time": "2020-01-13T11:15:53+00:00"
        },
        {
            "name": "symfony/serializer",
            "version": "v5.0.3",
            "source": {
                "type": "git",
                "url": "https://github.com/symfony/serializer.git",
                "reference": "a76fc03e125719ef4ce18522b2347bf103b698d0"
            },
            "dist": {
                "type": "zip",
                "url": "https://api.github.com/repos/symfony/serializer/zipball/a76fc03e125719ef4ce18522b2347bf103b698d0",
                "reference": "a76fc03e125719ef4ce18522b2347bf103b698d0",
                "shasum": ""
            },
            "require": {
                "php": "^7.2.5",
                "symfony/polyfill-ctype": "~1.8"
            },
            "conflict": {
                "phpdocumentor/type-resolver": "<0.2.1",
                "symfony/dependency-injection": "<4.4",
                "symfony/property-access": "<4.4",
                "symfony/property-info": "<4.4",
                "symfony/yaml": "<4.4"
            },
            "require-dev": {
                "doctrine/annotations": "~1.0",
                "doctrine/cache": "~1.0",
                "phpdocumentor/reflection-docblock": "^3.2|^4.0",
                "symfony/cache": "^4.4|^5.0",
                "symfony/config": "^4.4|^5.0",
                "symfony/dependency-injection": "^4.4|^5.0",
                "symfony/error-handler": "^4.4|^5.0",
                "symfony/http-foundation": "^4.4|^5.0",
                "symfony/mime": "^4.4|^5.0",
                "symfony/property-access": "^4.4|^5.0",
                "symfony/property-info": "^4.4|^5.0",
                "symfony/validator": "^4.4|^5.0",
                "symfony/yaml": "^4.4|^5.0"
            },
            "suggest": {
                "doctrine/annotations": "For using the annotation mapping. You will also need doctrine/cache.",
                "doctrine/cache": "For using the default cached annotation reader and metadata cache.",
                "psr/cache-implementation": "For using the metadata cache.",
                "symfony/config": "For using the XML mapping loader.",
                "symfony/mime": "For using a MIME type guesser within the DataUriNormalizer.",
                "symfony/property-access": "For using the ObjectNormalizer.",
                "symfony/property-info": "To deserialize relations.",
                "symfony/yaml": "For using the default YAML mapping loader."
            },
            "type": "library",
            "extra": {
                "branch-alias": {
                    "dev-master": "5.0-dev"
                }
            },
            "autoload": {
                "psr-4": {
                    "Symfony\\Component\\Serializer\\": ""
                },
                "exclude-from-classmap": [
                    "/Tests/"
                ]
            },
            "notification-url": "https://packagist.org/downloads/",
            "license": [
                "MIT"
            ],
            "authors": [
                {
                    "name": "Fabien Potencier",
                    "email": "fabien@symfony.com"
                },
                {
                    "name": "Symfony Community",
                    "homepage": "https://symfony.com/contributors"
                }
            ],
            "description": "Symfony Serializer Component",
            "homepage": "https://symfony.com",
            "time": "2020-01-08T17:33:29+00:00"
        }
    ],
    "packages-dev": [],
    "aliases": [],
    "minimum-stability": "stable",
    "stability-flags": [],
    "prefer-stable": false,
    "prefer-lowest": false,
    "platform": {
        "php": "^7.2"
    },
    "platform-dev": [],
    "plugin-api-version": "1.1.0"
}
